
Microsoft Visual Studio Solution File, Format Version 12.00
# Visual Studio 15
VisualStudioVersion = 15.0.28307.1082
MinimumVisualStudioVersion = 10.0.40219.1
Project("{FAE04EC0-301F-11D3-BF4B-00C04F79EFBC}") = "RentAcar-SG", "RentAcar-SG\RentAcar-SG.csproj", "{96CDC46D-4DC5-48DD-9612-779E3D2707BA}"
EndProject
Global
	GlobalSection(SolutionConfigurationPlatforms) = preSolution
		Debug|Any CPU = Debug|Any CPU
		Release|Any CPU = Release|Any CPU
	EndGlobalSection
	GlobalSection(ProjectConfigurationPlatforms) = postSolution
		{96CDC46D-4DC5-48DD-9612-779E3D2707BA}.Debug|Any CPU.ActiveCfg = Debug|Any CPU
		{96CDC46D-4DC5-48DD-9612-779E3D2707BA}.Debug|Any CPU.Build.0 = Debug|Any CPU
		{96CDC46D-4DC5-48DD-9612-779E3D2707BA}.Release|Any CPU.ActiveCfg = Release|Any CPU
		{96CDC46D-4DC5-48DD-9612-779E3D2707BA}.Release|Any CPU.Build.0 = Release|Any CPU
	EndGlobalSection
	GlobalSection(SolutionProperties) = preSolution
		HideSolutionNode = FALSE
	EndGlobalSection
	GlobalSection(ExtensibilityGlobals) = postSolution
		SolutionGuid = {B4BBD693-C2EA-4B9F-B9F4-E3DD1150B16C}
	EndGlobalSection
EndGlobal
